{
  "name": "tokenwords",
  "version": "1.0.0",
  "lockfileVersion": 3,
  "requires": true,
  "packages": {
    "": {
      "name": "tokenwords",
      "version": "1.0.0",
      "license": "ISC",
      "dependencies": {
        "wordpos": "^2.1.0"
      }
    },
    "node_modules/commander": {
      "version": "2.20.3",
      "resolved": "https://registry.npmjs.org/commander/-/commander-2.20.3.tgz",
      "integrity": "sha512-GpVkmM8vF2vQUkj2LvZmD35JxeJOLCwJ9cUkugyk2nuhbv3+mJvpLYYt+0+USMxE+oj+ey/lJEnhZw75x/OMcQ==",
      "license": "MIT"
    },
    "node_modules/underscore": {
      "version": "1.13.7",
      "resolved": "https://registry.npmjs.org/underscore/-/underscore-1.13.7.tgz",
      "integrity": "sha512-GMXzWtsc57XAtguZgaQViUOzs0KTkk8ojr3/xAxXLITqf/3EMwxC0inyETfDFjH/Krbhuep0HNbbjI9i/q3F3g==",
      "license": "MIT"
    },
    "node_modules/wordnet-db": {
      "version": "3.1.14",
      "resolved": "https://registry.npmjs.org/wordnet-db/-/wordnet-db-3.1.14.tgz",
      "integrity": "sha512-zVyFsvE+mq9MCmwXUWHIcpfbrHHClZWZiVOzKSxNJruIcFn2RbY55zkhiAMMxM8zCVSmtNiViq8FsAZSFpMYag==",
      "license": "MIT",
      "engines": {
        "node": ">=0.6.0"
      }
    },
    "node_modules/wordpos": {
      "version": "2.1.0",
      "resolved": "https://registry.npmjs.org/wordpos/-/wordpos-2.1.0.tgz",
      "integrity": "sha512-0fGpg8Fv7vT8dFBw1fl3JX2ooqbtcWXUFUOzoD5O6CQ+0QIV9h+MC2N3zHmcD6+295OYzfXXxKSQJiim0nakJA==",
      "hasInstallScript": true,
      "license": "MIT",
      "dependencies": {
        "commander": "^2.20.3",
        "underscore": ">=1.3.1",
        "wordnet-db": "^3.1.14"
      },
      "bin": {
        "wordpos": "bin/wordpos-cli.js"
      },
      "engines": {
        "node": ">=6"
      }
    }
  }
}
